
Microsoft Visual Studio Solution File, Format Version 12.00
Project("{FAE04EC0-301F-11D3-BF4B-00C04F79EFBC}") = "VendingMachineAssignment", "VendingMachineAssignment\VendingMachineAssignment.csproj", "{F0F86840-EA3D-4C4E-990F-B06DA67DA5CD}"
EndProject
Global
	GlobalSection(SolutionConfigurationPlatforms) = preSolution
		Debug|Any CPU = Debug|Any CPU
		Release|Any CPU = Release|Any CPU
	EndGlobalSection
	GlobalSection(ProjectConfigurationPlatforms) = postSolution
		{F0F86840-EA3D-4C4E-990F-B06DA67DA5CD}.Debug|Any CPU.ActiveCfg = Debug|Any CPU
		{F0F86840-EA3D-4C4E-990F-B06DA67DA5CD}.Debug|Any CPU.Build.0 = Debug|Any CPU
		{F0F86840-EA3D-4C4E-990F-B06DA67DA5CD}.Release|Any CPU.ActiveCfg = Release|Any CPU
		{F0F86840-EA3D-4C4E-990F-B06DA67DA5CD}.Release|Any CPU.Build.0 = Release|Any CPU
	EndGlobalSection
EndGlobal
